
Microsoft Visual Studio Solution File, Format Version 12.00
# Visual Studio 15
VisualStudioVersion = 15.0.28307.136
MinimumVisualStudioVersion = 10.0.40219.1
Project("{FAE04EC0-301F-11D3-BF4B-00C04F79EFBC}") = "MSDeployApp", "MSDeployApp\MSDeployApp.csproj", "{A389D3D6-1B7D-4A14-8809-412627F983C4}"
EndProject
Global
	GlobalSection(SolutionConfigurationPlatforms) = preSolution
		Debug|Any CPU = Debug|Any CPU
		Release|Any CPU = Release|Any CPU
	EndGlobalSection
	GlobalSection(ProjectConfigurationPlatforms) = postSolution
		{A389D3D6-1B7D-4A14-8809-412627F983C4}.Debug|Any CPU.ActiveCfg = Debug|Any CPU
		{A389D3D6-1B7D-4A14-8809-412627F983C4}.Debug|Any CPU.Build.0 = Debug|Any CPU
		{A389D3D6-1B7D-4A14-8809-412627F983C4}.Release|Any CPU.ActiveCfg = Release|Any CPU
		{A389D3D6-1B7D-4A14-8809-412627F983C4}.Release|Any CPU.Build.0 = Release|Any CPU
	EndGlobalSection
	GlobalSection(SolutionProperties) = preSolution
		HideSolutionNode = FALSE
	EndGlobalSection
	GlobalSection(ExtensibilityGlobals) = postSolution
		SolutionGuid = {44B527BE-179C-441F-987B-D52FDF245B7A}
	EndGlobalSection
EndGlobal
